{
  "originHash" : "a8b07239c8fa73fab471126b146ca8ba44df1f83618b3e62da7c0fc7ce681403",
  "pins" : [
    {
      "identity" : "factory",
      "kind" : "remoteSourceControl",
      "location" : "https://github.com/hmlongco/Factory",
      "state" : {
        "revision" : "f350e0d71ba241b392f70519a67e769d5e3858d4",
        "version" : "2.4.1"
      }
    }
  ],
  "version" : 3
}
